
Microsoft Visual Studio Solution File, Format Version 12.00
# Visual Studio 15
VisualStudioVersion = 15.0.26124.0
MinimumVisualStudioVersion = 15.0.26124.0
Project("{FAE04EC0-301F-11D3-BF4B-00C04F79EFBC}") = "NetCore.ModelValidation.Core", "NetCore.ModelValidation.Core\NetCore.ModelValidation.Core.csproj", "{19C96D66-B145-4B20-8AEF-C8117002A34C}"
EndProject
Project("{2150E333-8FDC-42A3-9474-1A3956D46DE8}") = "Nugets", "Nugets", "{C85F8D94-53E1-47F4-A687-BB51C42EF025}"
EndProject
Project("{2150E333-8FDC-42A3-9474-1A3956D46DE8}") = "Tests", "Tests", "{C33FD2DC-570A-4DD8-B221-CE2914B5AE55}"
EndProject
Project("{FAE04EC0-301F-11D3-BF4B-00C04F79EFBC}") = "NetCore.ModelValidation.Core.Test", "NetCore.ModelValidation.Core.Test\NetCore.ModelValidation.Core.Test.csproj", "{DE9BC8F7-E4D9-4C14-88D5-10FB47C3F5E2}"
EndProject
Project("{FAE04EC0-301F-11D3-BF4B-00C04F79EFBC}") = "NetCore.ModelValidation", "NetCore.ModelValidation\NetCore.ModelValidation.csproj", "{FC10BEF6-BC1A-4E31-A78B-E414EA9FBEAE}"
EndProject
Project("{FAE04EC0-301F-11D3-BF4B-00C04F79EFBC}") = "TestWebsite", "TestWebsite\TestWebsite.csproj", "{7F0AC81F-82F2-4E84-9E15-8E661C0AB94C}"
EndProject
Global
	GlobalSection(SolutionConfigurationPlatforms) = preSolution
		Debug|Any CPU = Debug|Any CPU
		Debug|x64 = Debug|x64
		Debug|x86 = Debug|x86
		Release|Any CPU = Release|Any CPU
		Release|x64 = Release|x64
		Release|x86 = Release|x86
	EndGlobalSection
	GlobalSection(ProjectConfigurationPlatforms) = postSolution
		{19C96D66-B145-4B20-8AEF-C8117002A34C}.Debug|Any CPU.ActiveCfg = Debug|Any CPU
		{19C96D66-B145-4B20-8AEF-C8117002A34C}.Debug|Any CPU.Build.0 = Debug|Any CPU
		{19C96D66-B145-4B20-8AEF-C8117002A34C}.Debug|x64.ActiveCfg = Debug|Any CPU
		{19C96D66-B145-4B20-8AEF-C8117002A34C}.Debug|x64.Build.0 = Debug|Any CPU
		{19C96D66-B145-4B20-8AEF-C8117002A34C}.Debug|x86.ActiveCfg = Debug|Any CPU
		{19C96D66-B145-4B20-8AEF-C8117002A34C}.Debug|x86.Build.0 = Debug|Any CPU
		{19C96D66-B145-4B20-8AEF-C8117002A34C}.Release|Any CPU.ActiveCfg = Release|Any CPU
		{19C96D66-B145-4B20-8AEF-C8117002A34C}.Release|Any CPU.Build.0 = Release|Any CPU
		{19C96D66-B145-4B20-8AEF-C8117002A34C}.Release|x64.ActiveCfg = Release|Any CPU
		{19C96D66-B145-4B20-8AEF-C8117002A34C}.Release|x64.Build.0 = Release|Any CPU
		{19C96D66-B145-4B20-8AEF-C8117002A34C}.Release|x86.ActiveCfg = Release|Any CPU
		{19C96D66-B145-4B20-8AEF-C8117002A34C}.Release|x86.Build.0 = Release|Any CPU
		{DE9BC8F7-E4D9-4C14-88D5-10FB47C3F5E2}.Debug|Any CPU.ActiveCfg = Debug|Any CPU
		{DE9BC8F7-E4D9-4C14-88D5-10FB47C3F5E2}.Debug|Any CPU.Build.0 = Debug|Any CPU
		{DE9BC8F7-E4D9-4C14-88D5-10FB47C3F5E2}.Debug|x64.ActiveCfg = Debug|Any CPU
		{DE9BC8F7-E4D9-4C14-88D5-10FB47C3F5E2}.Debug|x64.Build.0 = Debug|Any CPU
		{DE9BC8F7-E4D9-4C14-88D5-10FB47C3F5E2}.Debug|x86.ActiveCfg = Debug|Any CPU
		{DE9BC8F7-E4D9-4C14-88D5-10FB47C3F5E2}.Debug|x86.Build.0 = Debug|Any CPU
		{DE9BC8F7-E4D9-4C14-88D5-10FB47C3F5E2}.Release|Any CPU.ActiveCfg = Release|Any CPU
		{DE9BC8F7-E4D9-4C14-88D5-10FB47C3F5E2}.Release|Any CPU.Build.0 = Release|Any CPU
		{DE9BC8F7-E4D9-4C14-88D5-10FB47C3F5E2}.Release|x64.ActiveCfg = Release|Any CPU
		{DE9BC8F7-E4D9-4C14-88D5-10FB47C3F5E2}.Release|x64.Build.0 = Release|Any CPU
		{DE9BC8F7-E4D9-4C14-88D5-10FB47C3F5E2}.Release|x86.ActiveCfg = Release|Any CPU
		{DE9BC8F7-E4D9-4C14-88D5-10FB47C3F5E2}.Release|x86.Build.0 = Release|Any CPU
		{FC10BEF6-BC1A-4E31-A78B-E414EA9FBEAE}.Debug|Any CPU.ActiveCfg = Debug|Any CPU
		{FC10BEF6-BC1A-4E31-A78B-E414EA9FBEAE}.Debug|Any CPU.Build.0 = Debug|Any CPU
		{FC10BEF6-BC1A-4E31-A78B-E414EA9FBEAE}.Debug|x64.ActiveCfg = Debug|Any CPU
		{FC10BEF6-BC1A-4E31-A78B-E414EA9FBEAE}.Debug|x64.Build.0 = Debug|Any CPU
		{FC10BEF6-BC1A-4E31-A78B-E414EA9FBEAE}.Debug|x86.ActiveCfg = Debug|Any CPU
		{FC10BEF6-BC1A-4E31-A78B-E414EA9FBEAE}.Debug|x86.Build.0 = Debug|Any CPU
		{FC10BEF6-BC1A-4E31-A78B-E414EA9FBEAE}.Release|Any CPU.ActiveCfg = Release|Any CPU
		{FC10BEF6-BC1A-4E31-A78B-E414EA9FBEAE}.Release|Any CPU.Build.0 = Release|Any CPU
		{FC10BEF6-BC1A-4E31-A78B-E414EA9FBEAE}.Release|x64.ActiveCfg = Release|Any CPU
		{FC10BEF6-BC1A-4E31-A78B-E414EA9FBEAE}.Release|x64.Build.0 = Release|Any CPU
		{FC10BEF6-BC1A-4E31-A78B-E414EA9FBEAE}.Release|x86.ActiveCfg = Release|Any CPU
		{FC10BEF6-BC1A-4E31-A78B-E414EA9FBEAE}.Release|x86.Build.0 = Release|Any CPU
		{7F0AC81F-82F2-4E84-9E15-8E661C0AB94C}.Debug|Any CPU.ActiveCfg = Debug|Any CPU
		{7F0AC81F-82F2-4E84-9E15-8E661C0AB94C}.Debug|Any CPU.Build.0 = Debug|Any CPU
		{7F0AC81F-82F2-4E84-9E15-8E661C0AB94C}.Debug|x64.ActiveCfg = Debug|Any CPU
		{7F0AC81F-82F2-4E84-9E15-8E661C0AB94C}.Debug|x64.Build.0 = Debug|Any CPU
		{7F0AC81F-82F2-4E84-9E15-8E661C0AB94C}.Debug|x86.ActiveCfg = Debug|Any CPU
		{7F0AC81F-82F2-4E84-9E15-8E661C0AB94C}.Debug|x86.Build.0 = Debug|Any CPU
		{7F0AC81F-82F2-4E84-9E15-8E661C0AB94C}.Release|Any CPU.ActiveCfg = Release|Any CPU
		{7F0AC81F-82F2-4E84-9E15-8E661C0AB94C}.Release|Any CPU.Build.0 = Release|Any CPU
		{7F0AC81F-82F2-4E84-9E15-8E661C0AB94C}.Release|x64.ActiveCfg = Release|Any CPU
		{7F0AC81F-82F2-4E84-9E15-8E661C0AB94C}.Release|x64.Build.0 = Release|Any CPU
		{7F0AC81F-82F2-4E84-9E15-8E661C0AB94C}.Release|x86.ActiveCfg = Release|Any CPU
		{7F0AC81F-82F2-4E84-9E15-8E661C0AB94C}.Release|x86.Build.0 = Release|Any CPU
	EndGlobalSection
	GlobalSection(SolutionProperties) = preSolution
		HideSolutionNode = FALSE
	EndGlobalSection
	GlobalSection(NestedProjects) = preSolution
		{19C96D66-B145-4B20-8AEF-C8117002A34C} = {C85F8D94-53E1-47F4-A687-BB51C42EF025}
		{DE9BC8F7-E4D9-4C14-88D5-10FB47C3F5E2} = {C33FD2DC-570A-4DD8-B221-CE2914B5AE55}
		{FC10BEF6-BC1A-4E31-A78B-E414EA9FBEAE} = {C85F8D94-53E1-47F4-A687-BB51C42EF025}
		{7F0AC81F-82F2-4E84-9E15-8E661C0AB94C} = {C33FD2DC-570A-4DD8-B221-CE2914B5AE55}
	EndGlobalSection
	GlobalSection(ExtensibilityGlobals) = postSolution
		SolutionGuid = {53D09D14-5E66-4DE8-9F69-F315E3269A0F}
	EndGlobalSection
EndGlobal
